{
  "name": "portfolio-email",
  "version": "1.0.0",
  "lockfileVersion": 1,
  "requires": true,
  "dependencies": {
    "emailjs-com": {
      "version": "2.1.0",
      "resolved": "https://registry.npmjs.org/emailjs-com/-/emailjs-com-2.1.0.tgz",
      "integrity": "sha512-6x4AbiyvFZ7DP+iMX9iktKRIEcExVnywrdQg8VogaoXT7CJgzomD5tjnUrqMJrQEfocnk4lcxdEQJyJTm0KghQ==",
      "requires": {
        "promise-polyfill": "7.1.0"
      }
    },
    "promise-polyfill": {
      "version": "7.1.0",
      "resolved": "https://registry.npmjs.org/promise-polyfill/-/promise-polyfill-7.1.0.tgz",
      "integrity": "sha512-P6NJ2wU/8fac44ENORsuqT8TiolKGB2u0fEClPtXezn7w5cmLIjM/7mhPlTebke2EPr6tmqZbXvnX0TxwykGrg=="
    }
  }
}
